
Microsoft Visual Studio Solution File, Format Version 12.00
# Visual Studio Version 17
VisualStudioVersion = 17.0.32126.317
MinimumVisualStudioVersion = 10.0.40219.1
Project("{9A19103F-16F7-4668-BE54-9A1E7A4F7556}") = "Lanceur", "Lanceur\Lanceur.csproj", "{6017E26A-C6C4-4EC8-92A4-A1A59788FC66}"
EndProject
Project("{9A19103F-16F7-4668-BE54-9A1E7A4F7556}") = "Lanceur.Core", "Lanceur.Core\Lanceur.Core.csproj", "{BEEC0689-5A7E-4C1B-B20A-593A437299F2}"
EndProject
Project("{9A19103F-16F7-4668-BE54-9A1E7A4F7556}") = "Lanceur.Tests", "Lanceur.Tests\Lanceur.Tests.csproj", "{06104F5C-7E49-423E-9829-AF9898B6B320}"
EndProject
Project("{9A19103F-16F7-4668-BE54-9A1E7A4F7556}") = "Lanceur.Infra", "Lanceur.Infra\Lanceur.Infra.csproj", "{5B0AA1F6-63E2-433B-AC05-62712DCFB815}"
EndProject
Project("{9A19103F-16F7-4668-BE54-9A1E7A4F7556}") = "Lanceur.SharedKernel", "Lanceur.SharedKernel\Lanceur.SharedKernel.csproj", "{4320CE26-F9EF-41E9-8667-2F531F6512FF}"
EndProject
Global
	GlobalSection(SolutionConfigurationPlatforms) = preSolution
		Debug|Any CPU = Debug|Any CPU
		Release|Any CPU = Release|Any CPU
	EndGlobalSection
	GlobalSection(ProjectConfigurationPlatforms) = postSolution
		{6017E26A-C6C4-4EC8-92A4-A1A59788FC66}.Debug|Any CPU.ActiveCfg = Debug|Any CPU
		{6017E26A-C6C4-4EC8-92A4-A1A59788FC66}.Debug|Any CPU.Build.0 = Debug|Any CPU
		{6017E26A-C6C4-4EC8-92A4-A1A59788FC66}.Release|Any CPU.ActiveCfg = Release|Any CPU
		{6017E26A-C6C4-4EC8-92A4-A1A59788FC66}.Release|Any CPU.Build.0 = Release|Any CPU
		{BEEC0689-5A7E-4C1B-B20A-593A437299F2}.Debug|Any CPU.ActiveCfg = Debug|Any CPU
		{BEEC0689-5A7E-4C1B-B20A-593A437299F2}.Debug|Any CPU.Build.0 = Debug|Any CPU
		{BEEC0689-5A7E-4C1B-B20A-593A437299F2}.Release|Any CPU.ActiveCfg = Release|Any CPU
		{BEEC0689-5A7E-4C1B-B20A-593A437299F2}.Release|Any CPU.Build.0 = Release|Any CPU
		{06104F5C-7E49-423E-9829-AF9898B6B320}.Debug|Any CPU.ActiveCfg = Debug|Any CPU
		{06104F5C-7E49-423E-9829-AF9898B6B320}.Debug|Any CPU.Build.0 = Debug|Any CPU
		{06104F5C-7E49-423E-9829-AF9898B6B320}.Release|Any CPU.ActiveCfg = Release|Any CPU
		{06104F5C-7E49-423E-9829-AF9898B6B320}.Release|Any CPU.Build.0 = Release|Any CPU
		{5B0AA1F6-63E2-433B-AC05-62712DCFB815}.Debug|Any CPU.ActiveCfg = Debug|Any CPU
		{5B0AA1F6-63E2-433B-AC05-62712DCFB815}.Debug|Any CPU.Build.0 = Debug|Any CPU
		{5B0AA1F6-63E2-433B-AC05-62712DCFB815}.Release|Any CPU.ActiveCfg = Release|Any CPU
		{5B0AA1F6-63E2-433B-AC05-62712DCFB815}.Release|Any CPU.Build.0 = Release|Any CPU
		{4320CE26-F9EF-41E9-8667-2F531F6512FF}.Debug|Any CPU.ActiveCfg = Debug|Any CPU
		{4320CE26-F9EF-41E9-8667-2F531F6512FF}.Debug|Any CPU.Build.0 = Debug|Any CPU
		{4320CE26-F9EF-41E9-8667-2F531F6512FF}.Release|Any CPU.ActiveCfg = Release|Any CPU
		{4320CE26-F9EF-41E9-8667-2F531F6512FF}.Release|Any CPU.Build.0 = Release|Any CPU
	EndGlobalSection
	GlobalSection(SolutionProperties) = preSolution
		HideSolutionNode = FALSE
	EndGlobalSection
	GlobalSection(ExtensibilityGlobals) = postSolution
		SolutionGuid = {9F1CB5DA-802E-408C-B009-A94BE0FE61F3}
	EndGlobalSection
EndGlobal
